PODS:
  - ACFloatingTextfield-Swift (1.7)
  - ACProgressHUD-Swift (1.3)
  - Alamofire (4.6.0)
  - CardIO (5.4.1)
  - Crashlytics (3.9.3):
    - Fabric (~> 1.7.2)
  - CreditCardForm (0.1.7)
  - DropDown (2.3.1)
  - Fabric (1.7.13)
  - Firebase/Core (6.13.0):
    - Firebase/CoreOnly
    - FirebaseAnalytics (= 6.1.6)
  - Firebase/CoreOnly (6.13.0):
    - FirebaseCore (= 6.4.0)
  - Firebase/Messaging (6.13.0):
    - Firebase/CoreOnly
    - FirebaseMessaging (~> 4.1.9)
  - FirebaseAnalytics (6.1.6):
    - FirebaseCore (~> 6.4)
    - FirebaseInstanceID (~> 4.2)
    - GoogleAppMeasurement (= 6.1.6)
    - GoogleUtilities/AppDelegateSwizzler (~> 6.0)
    - GoogleUtilities/MethodSwizzler (~> 6.0)
    - GoogleUtilities/Network (~> 6.0)
    - "GoogleUtilities/NSData+zlib (~> 6.0)"
    - nanopb (= 0.3.9011)
  - FirebaseAnalyticsInterop (1.4.0)
  - FirebaseCore (6.4.0):
    - FirebaseCoreDiagnostics (~> 1.0)
    - FirebaseCoreDiagnosticsInterop (~> 1.0)
    - GoogleUtilities/Environment (~> 6.2)
    - GoogleUtilities/Logger (~> 6.2)
  - FirebaseCoreDiagnostics (1.1.2):
    - FirebaseCoreDiagnosticsInterop (~> 1.0)
    - GoogleDataTransportCCTSupport (~> 1.0)
    - GoogleUtilities/Environment (~> 6.2)
    - GoogleUtilities/Logger (~> 6.2)
    - nanopb (~> 0.3.901)
  - FirebaseCoreDiagnosticsInterop (1.1.0)
  - FirebaseInstanceID (4.2.7):
    - FirebaseCore (~> 6.0)
    - GoogleUtilities/Environment (~> 6.0)
    - GoogleUtilities/UserDefaults (~> 6.0)
  - FirebaseMessaging (4.1.9):
    - FirebaseAnalyticsInterop (~> 1.3)
    - FirebaseCore (~> 6.2)
    - FirebaseInstanceID (~> 4.1)
    - GoogleUtilities/AppDelegateSwizzler (~> 6.2)
    - GoogleUtilities/Environment (~> 6.2)
    - GoogleUtilities/Reachability (~> 6.2)
    - GoogleUtilities/UserDefaults (~> 6.2)
    - Protobuf (>= 3.9.2, ~> 3.9)
  - FloatRatingView (3.0)
  - FormTextField (2.0.0)
  - GoogleAnalytics (3.17.0)
  - GoogleAppMeasurement (6.1.6):
    - GoogleUtilities/AppDelegateSwizzler (~> 6.0)
    - GoogleUtilities/MethodSwizzler (~> 6.0)
    - GoogleUtilities/Network (~> 6.0)
    - "GoogleUtilities/NSData+zlib (~> 6.0)"
    - nanopb (= 0.3.9011)
  - GoogleDataTransport (3.2.0)
  - GoogleDataTransportCCTSupport (1.2.2):
    - GoogleDataTransport (~> 3.2)
    - nanopb (~> 0.3.901)
  - GoogleMaps (3.0.3):
    - GoogleMaps/Maps (= 3.0.3)
  - GoogleMaps/Base (3.0.3)
  - GoogleMaps/Maps (3.0.3):
    - GoogleMaps/Base
  - GooglePlacePicker (3.0.3):
    - GoogleMaps (= 3.0.3)
    - GooglePlaces (= 3.0.3)
  - GooglePlaces (3.0.3):
    - GoogleMaps/Base (= 3.0.3)
  - GoogleUtilities/AppDelegateSwizzler (6.3.2):
    - GoogleUtilities/Environment
    - GoogleUtilities/Logger
    - GoogleUtilities/Network
  - GoogleUtilities/Environment (6.3.2)
  - GoogleUtilities/Logger (6.3.2):
    - GoogleUtilities/Environment
  - GoogleUtilities/MethodSwizzler (6.3.2):
    - GoogleUtilities/Logger
  - GoogleUtilities/Network (6.3.2):
    - GoogleUtilities/Logger
    - "GoogleUtilities/NSData+zlib"
    - GoogleUtilities/Reachability
  - "GoogleUtilities/NSData+zlib (6.3.2)"
  - GoogleUtilities/Reachability (6.3.2):
    - GoogleUtilities/Logger
  - GoogleUtilities/UserDefaults (6.3.2):
    - GoogleUtilities/Logger
  - IQDropDownTextField (2.0)
  - IQKeyboardManagerSwift (5.0.7)
  - M13Checkbox (3.2.2)
  - MarqueeLabel/Swift (3.1.4)
  - nanopb (0.3.9011):
    - nanopb/decode (= 0.3.9011)
    - nanopb/encode (= 0.3.9011)
  - nanopb/decode (0.3.9011)
  - nanopb/encode (0.3.9011)
  - NVActivityIndicatorView (4.1.1):
    - NVActivityIndicatorView/Presenter (= 4.1.1)
  - NVActivityIndicatorView/Presenter (4.1.1)
  - Protobuf (3.10.0)
  - SDWebImage (4.3.0):
    - SDWebImage/Core (= 4.3.0)
  - SDWebImage/Core (4.3.0)
  - SideMenuController (0.2.4)
  - Socket.IO-Client-Swift (11.1.3):
    - StarscreamSocketIO (~> 8.0.5)
  - SRCountdownTimer (1.1)
  - StarscreamSocketIO (8.0.7)

DEPENDENCIES:
  - ACFloatingTextfield-Swift (= 1.7)
  - ACProgressHUD-Swift
  - Alamofire (= 4.6.0)
  - CardIO
  - Crashlytics
  - Crashlytics (= 3.9.3)
  - CreditCardForm (= 0.1.7)
  - DropDown (= 2.3.1)
  - Fabric
  - Firebase/Core
  - Firebase/Messaging
  - FloatRatingView (= 3.0)
  - FormTextField (= 2.0.0)
  - GoogleAnalytics (= 3.17.0)
  - GoogleMaps
  - GooglePlacePicker (= 3.0.3)
  - GooglePlaces (= 3.0.3)
  - IQDropDownTextField
  - IQKeyboardManagerSwift (= 5.0.7)
  - M13Checkbox (= 3.2.2)
  - MarqueeLabel/Swift (= 3.1.4)
  - NVActivityIndicatorView (= 4.1.1)
  - SDWebImage (= 4.3.0)
  - SideMenuController
  - Socket.IO-Client-Swift (= 11.1.3)
  - SRCountdownTimer

SPEC REPOS:
  https://github.com/CocoaPods/Specs:
    - ACFloatingTextfield-Swift
    - ACProgressHUD-Swift
    - Alamofire
    - CardIO
    - Crashlytics
    - CreditCardForm
    - DropDown
    - Fabric
    - Firebase
    - FirebaseAnalytics
    - FirebaseAnalyticsInterop
    - FirebaseCore
    - FirebaseCoreDiagnostics
    - FirebaseCoreDiagnosticsInterop
    - FirebaseInstanceID
    - FirebaseMessaging
    - FloatRatingView
    - FormTextField
    - GoogleAnalytics
    - GoogleAppMeasurement
    - GoogleDataTransport
    - GoogleDataTransportCCTSupport
    - GoogleMaps
    - GooglePlacePicker
    - GooglePlaces
    - GoogleUtilities
    - IQDropDownTextField
    - IQKeyboardManagerSwift
    - M13Checkbox
    - MarqueeLabel
    - nanopb
    - NVActivityIndicatorView
    - Protobuf
    - SDWebImage
    - SideMenuController
    - Socket.IO-Client-Swift
    - SRCountdownTimer
    - StarscreamSocketIO

SPEC CHECKSUMS:
  ACFloatingTextfield-Swift: df075d5ed5d441d8603f985fc106ec7ebe0c673f
  ACProgressHUD-Swift: d973934a517312593015c78413f2de7bcc10c715
  Alamofire: f41a599bd63041760b26d393ec1069d9d7b917f4
  CardIO: 56983b39b62f495fc6dae9ad7cf875143df06443
  Crashlytics: dbb07d01876c171c5ccbdf7826410380189e452c
  CreditCardForm: 66f0ce5a12182000a457d56f5630049efd3432df
  DropDown: 20499c7b2731b0d21609af924e47c7677a2be50d
  Fabric: 25d0963b691fc97be566392243ff0ecef5a68338
  Firebase: 458d109512200d1aca2e1b9b6cf7d68a869a4a46
  FirebaseAnalytics: 45f36d9c429fc91d206283900ab75390cd05ee8a
  FirebaseAnalyticsInterop: d48b6ab67bcf016a05e55b71fc39c61c0cb6b7f3
  FirebaseCore: 307ea2508df730c5865334e41965bd9ea344b0e5
  FirebaseCoreDiagnostics: 511f4f3ed7d440bb69127e8b97c2bc8befae639e
  FirebaseCoreDiagnosticsInterop: e9b1b023157e3a2fc6418b5cb601e79b9af7b3a0
  FirebaseInstanceID: ebd2ea79ee38db0cb5f5167b17a0d387e1cc7b6e
  FirebaseMessaging: e8d71368a5c579083da02203146c953f3386d503
  FloatRatingView: 0f7b45733124516ac6b8f535e5b5f4fa2e122180
  FormTextField: 40016d44fc3371410be6c5a0c968498e43f00d33
  GoogleAnalytics: f42cc53a87a51fe94334821868d9c8481ff47a7b
  GoogleAppMeasurement: dfe55efa543e899d906309eaaac6ca26d249862f
  GoogleDataTransport: 8e9b210c97d55fbff306cc5468ff91b9cb32dcf5
  GoogleDataTransportCCTSupport: ef79a4728b864946a8aafdbab770d5294faf3b5f
  GoogleMaps: fd5c9fa58871781b9fb94d4936f19c69fe60ce32
  GooglePlacePicker: 02326873b8f923fc1f82ad694c33a625a8f6a728
  GooglePlaces: f09e76993c9c3ee4af8f4f7f535bb94d6aa3b649
  GoogleUtilities: 547a86735c6f0ee30ad17e94df4fc21f616b71cb
  IQDropDownTextField: 79293d19042b6f2ee6f02decf4a0e68e59e4f327
  IQKeyboardManagerSwift: 30fb3a61de1af53a95e02b80fb54ed0a19d5ede5
  M13Checkbox: a8c2491cfbbca10797925fd0b9154a782bf40d89
  MarqueeLabel: bf768455fe88d427f71476ebb23f9092b660f40b
  nanopb: 18003b5e52dab79db540fe93fe9579f399bd1ccd
  NVActivityIndicatorView: 60109b9bf46efc2e71ab81453196ccdfdfeea870
  Protobuf: a4dc852ad69c027ca2166ed287b856697814375b
  SDWebImage: 6da6c8bca115addc4de8613362e1b15f66333825
  SideMenuController: b463d2b3aa58e2afe57f57a07938fa9a647894ca
  Socket.IO-Client-Swift: b8e59ddc16bc3609ca2f49a4b50253f095d535c8
  SRCountdownTimer: 9c92e444b5403c92f01dd6610299b8c634bc8562
  StarscreamSocketIO: 00b54e4208481ca5cef089545353aaf126bae16d

PODFILE CHECKSUM: e7e6c5cf619b373fac091199be18931ba12d6818

COCOAPODS: 1.9.1
